
Microsoft Visual Studio Solution File, Format Version 12.00
# Visual Studio 14
VisualStudioVersion = 14.0.25420.1
MinimumVisualStudioVersion = 10.0.40219.1
Project("{FAE04EC0-301F-11D3-BF4B-00C04F79EFBC}") = "SvgPlayground", "SvgPlayground\SvgPlayground.csproj", "{4275E9C8-E56C-4D82-85F1-8EC7FA3120CA}"
EndProject
Project("{FAE04EC0-301F-11D3-BF4B-00C04F79EFBC}") = "SvgPlayground.Droid", "SvgPlayground.Droid\SvgPlayground.Droid.csproj", "{3CA12E2E-962B-48BE-8E4E-20D6ED52E129}"
EndProject
Project("{FAE04EC0-301F-11D3-BF4B-00C04F79EFBC}") = "SvgPlayground.iOS", "SvgPlayground.iOS\SvgPlayground.iOS.csproj", "{6C62AA76-EC7F-4ACB-909B-8EADA2361A29}"
EndProject
Project("{FAE04EC0-301F-11D3-BF4B-00C04F79EFBC}") = "SvgPlayground.WinPhone", "SvgPlayground.WinPhone\SvgPlayground.WinPhone.csproj", "{FADF569F-9CF8-4A71-A82D-7562C670E9AE}"
EndProject
Project("{FAE04EC0-301F-11D3-BF4B-00C04F79EFBC}") = "SvgPlayground.Windows", "SvgPlayground.Windows\SvgPlayground.Windows.csproj", "{E399F733-FA30-4EF5-A687-77716530691B}"
EndProject
Global
	GlobalSection(SolutionConfigurationPlatforms) = preSolution
		Ad-Hoc|Any CPU = Ad-Hoc|Any CPU
		Ad-Hoc|ARM = Ad-Hoc|ARM
		Ad-Hoc|iPhone = Ad-Hoc|iPhone
		Ad-Hoc|iPhoneSimulator = Ad-Hoc|iPhoneSimulator
		Ad-Hoc|x64 = Ad-Hoc|x64
		Ad-Hoc|x86 = Ad-Hoc|x86
		AppStore|Any CPU = AppStore|Any CPU
		AppStore|ARM = AppStore|ARM
		AppStore|iPhone = AppStore|iPhone
		AppStore|iPhoneSimulator = AppStore|iPhoneSimulator
		AppStore|x64 = AppStore|x64
		AppStore|x86 = AppStore|x86
		Debug|Any CPU = Debug|Any CPU
		Debug|ARM = Debug|ARM
		Debug|iPhone = Debug|iPhone
		Debug|iPhoneSimulator = Debug|iPhoneSimulator
		Debug|x64 = Debug|x64
		Debug|x86 = Debug|x86
		Release|Any CPU = Release|Any CPU
		Release|ARM = Release|ARM
		Release|iPhone = Release|iPhone
		Release|iPhoneSimulator = Release|iPhoneSimulator
		Release|x64 = Release|x64
		Release|x86 = Release|x86
	EndGlobalSection
	GlobalSection(ProjectConfigurationPlatforms) = postSolution
		{4275E9C8-E56C-4D82-85F1-8EC7FA3120CA}.Ad-Hoc|Any CPU.ActiveCfg = Release|Any CPU
		{4275E9C8-E56C-4D82-85F1-8EC7FA3120CA}.Ad-Hoc|Any CPU.Build.0 = Release|Any CPU
		{4275E9C8-E56C-4D82-85F1-8EC7FA3120CA}.Ad-Hoc|ARM.ActiveCfg = Release|Any CPU
		{4275E9C8-E56C-4D82-85F1-8EC7FA3120CA}.Ad-Hoc|ARM.Build.0 = Release|Any CPU
		{4275E9C8-E56C-4D82-85F1-8EC7FA3120CA}.Ad-Hoc|iPhone.ActiveCfg = Release|Any CPU
		{4275E9C8-E56C-4D82-85F1-8EC7FA3120CA}.Ad-Hoc|iPhone.Build.0 = Release|Any CPU
		{4275E9C8-E56C-4D82-85F1-8EC7FA3120CA}.Ad-Hoc|iPhoneSimulator.ActiveCfg = Release|Any CPU
		{4275E9C8-E56C-4D82-85F1-8EC7FA3120CA}.Ad-Hoc|iPhoneSimulator.Build.0 = Release|Any CPU
		{4275E9C8-E56C-4D82-85F1-8EC7FA3120CA}.Ad-Hoc|x64.ActiveCfg = Release|Any CPU
		{4275E9C8-E56C-4D82-85F1-8EC7FA3120CA}.Ad-Hoc|x64.Build.0 = Release|Any CPU
		{4275E9C8-E56C-4D82-85F1-8EC7FA3120CA}.Ad-Hoc|x86.ActiveCfg = Release|Any CPU
		{4275E9C8-E56C-4D82-85F1-8EC7FA3120CA}.Ad-Hoc|x86.Build.0 = Release|Any CPU
		{4275E9C8-E56C-4D82-85F1-8EC7FA3120CA}.AppStore|Any CPU.ActiveCfg = Release|Any CPU
		{4275E9C8-E56C-4D82-85F1-8EC7FA3120CA}.AppStore|Any CPU.Build.0 = Release|Any CPU
		{4275E9C8-E56C-4D82-85F1-8EC7FA3120CA}.AppStore|ARM.ActiveCfg = Release|Any CPU
		{4275E9C8-E56C-4D82-85F1-8EC7FA3120CA}.AppStore|ARM.Build.0 = Release|Any CPU
		{4275E9C8-E56C-4D82-85F1-8EC7FA3120CA}.AppStore|iPhone.ActiveCfg = Release|Any CPU
		{4275E9C8-E56C-4D82-85F1-8EC7FA3120CA}.AppStore|iPhone.Build.0 = Release|Any CPU
		{4275E9C8-E56C-4D82-85F1-8EC7FA3120CA}.AppStore|iPhoneSimulator.ActiveCfg = Release|Any CPU
		{4275E9C8-E56C-4D82-85F1-8EC7FA3120CA}.AppStore|iPhoneSimulator.Build.0 = Release|Any CPU
		{4275E9C8-E56C-4D82-85F1-8EC7FA3120CA}.AppStore|x64.ActiveCfg = Release|Any CPU
		{4275E9C8-E56C-4D82-85F1-8EC7FA3120CA}.AppStore|x64.Build.0 = Release|Any CPU
		{4275E9C8-E56C-4D82-85F1-8EC7FA3120CA}.AppStore|x86.ActiveCfg = Release|Any CPU
		{4275E9C8-E56C-4D82-85F1-8EC7FA3120CA}.AppStore|x86.Build.0 = Release|Any CPU
		{4275E9C8-E56C-4D82-85F1-8EC7FA3120CA}.Debug|Any CPU.ActiveCfg = Debug|Any CPU
		{4275E9C8-E56C-4D82-85F1-8EC7FA3120CA}.Debug|Any CPU.Build.0 = Debug|Any CPU
		{4275E9C8-E56C-4D82-85F1-8EC7FA3120CA}.Debug|ARM.ActiveCfg = Debug|Any CPU
		{4275E9C8-E56C-4D82-85F1-8EC7FA3120CA}.Debug|ARM.Build.0 = Debug|Any CPU
		{4275E9C8-E56C-4D82-85F1-8EC7FA3120CA}.Debug|iPhone.ActiveCfg = Debug|Any CPU
		{4275E9C8-E56C-4D82-85F1-8EC7FA3120CA}.Debug|iPhone.Build.0 = Debug|Any CPU
		{4275E9C8-E56C-4D82-85F1-8EC7FA3120CA}.Debug|iPhoneSimulator.ActiveCfg = Debug|Any CPU
		{4275E9C8-E56C-4D82-85F1-8EC7FA3120CA}.Debug|iPhoneSimulator.Build.0 = Debug|Any CPU
		{4275E9C8-E56C-4D82-85F1-8EC7FA3120CA}.Debug|x64.ActiveCfg = Debug|Any CPU
		{4275E9C8-E56C-4D82-85F1-8EC7FA3120CA}.Debug|x64.Build.0 = Debug|Any CPU
		{4275E9C8-E56C-4D82-85F1-8EC7FA3120CA}.Debug|x86.ActiveCfg = Debug|Any CPU
		{4275E9C8-E56C-4D82-85F1-8EC7FA3120CA}.Debug|x86.Build.0 = Debug|Any CPU
		{4275E9C8-E56C-4D82-85F1-8EC7FA3120CA}.Release|Any CPU.ActiveCfg = Release|Any CPU
		{4275E9C8-E56C-4D82-85F1-8EC7FA3120CA}.Release|Any CPU.Build.0 = Release|Any CPU
		{4275E9C8-E56C-4D82-85F1-8EC7FA3120CA}.Release|ARM.ActiveCfg = Release|Any CPU
		{4275E9C8-E56C-4D82-85F1-8EC7FA3120CA}.Release|ARM.Build.0 = Release|Any CPU
		{4275E9C8-E56C-4D82-85F1-8EC7FA3120CA}.Release|iPhone.ActiveCfg = Release|Any CPU
		{4275E9C8-E56C-4D82-85F1-8EC7FA3120CA}.Release|iPhone.Build.0 = Release|Any CPU
		{4275E9C8-E56C-4D82-85F1-8EC7FA3120CA}.Release|iPhoneSimulator.ActiveCfg = Release|Any CPU
		{4275E9C8-E56C-4D82-85F1-8EC7FA3120CA}.Release|iPhoneSimulator.Build.0 = Release|Any CPU
		{4275E9C8-E56C-4D82-85F1-8EC7FA3120CA}.Release|x64.ActiveCfg = Release|Any CPU
		{4275E9C8-E56C-4D82-85F1-8EC7FA3120CA}.Release|x64.Build.0 = Release|Any CPU
		{4275E9C8-E56C-4D82-85F1-8EC7FA3120CA}.Release|x86.ActiveCfg = Release|Any CPU
		{4275E9C8-E56C-4D82-85F1-8EC7FA3120CA}.Release|x86.Build.0 = Release|Any CPU
		{3CA12E2E-962B-48BE-8E4E-20D6ED52E129}.Ad-Hoc|Any CPU.ActiveCfg = Release|Any CPU
		{3CA12E2E-962B-48BE-8E4E-20D6ED52E129}.Ad-Hoc|Any CPU.Build.0 = Release|Any CPU
		{3CA12E2E-962B-48BE-8E4E-20D6ED52E129}.Ad-Hoc|Any CPU.Deploy.0 = Release|Any CPU
		{3CA12E2E-962B-48BE-8E4E-20D6ED52E129}.Ad-Hoc|ARM.ActiveCfg = Release|Any CPU
		{3CA12E2E-962B-48BE-8E4E-20D6ED52E129}.Ad-Hoc|ARM.Build.0 = Release|Any CPU
		{3CA12E2E-962B-48BE-8E4E-20D6ED52E129}.Ad-Hoc|ARM.Deploy.0 = Release|Any CPU
		{3CA12E2E-962B-48BE-8E4E-20D6ED52E129}.Ad-Hoc|iPhone.ActiveCfg = Release|Any CPU
		{3CA12E2E-962B-48BE-8E4E-20D6ED52E129}.Ad-Hoc|iPhone.Build.0 = Release|Any CPU
		{3CA12E2E-962B-48BE-8E4E-20D6ED52E129}.Ad-Hoc|iPhone.Deploy.0 = Release|Any CPU
		{3CA12E2E-962B-48BE-8E4E-20D6ED52E129}.Ad-Hoc|iPhoneSimulator.ActiveCfg = Release|Any CPU
		{3CA12E2E-962B-48BE-8E4E-20D6ED52E129}.Ad-Hoc|iPhoneSimulator.Build.0 = Release|Any CPU
		{3CA12E2E-962B-48BE-8E4E-20D6ED52E129}.Ad-Hoc|iPhoneSimulator.Deploy.0 = Release|Any CPU
		{3CA12E2E-962B-48BE-8E4E-20D6ED52E129}.Ad-Hoc|x64.ActiveCfg = Release|Any CPU
		{3CA12E2E-962B-48BE-8E4E-20D6ED52E129}.Ad-Hoc|x64.Build.0 = Release|Any CPU
		{3CA12E2E-962B-48BE-8E4E-20D6ED52E129}.Ad-Hoc|x64.Deploy.0 = Release|Any CPU
		{3CA12E2E-962B-48BE-8E4E-20D6ED52E129}.Ad-Hoc|x86.ActiveCfg = Release|Any CPU
		{3CA12E2E-962B-48BE-8E4E-20D6ED52E129}.Ad-Hoc|x86.Build.0 = Release|Any CPU
		{3CA12E2E-962B-48BE-8E4E-20D6ED52E129}.Ad-Hoc|x86.Deploy.0 = Release|Any CPU
		{3CA12E2E-962B-48BE-8E4E-20D6ED52E129}.AppStore|Any CPU.ActiveCfg = Release|Any CPU
		{3CA12E2E-962B-48BE-8E4E-20D6ED52E129}.AppStore|Any CPU.Build.0 = Release|Any CPU
		{3CA12E2E-962B-48BE-8E4E-20D6ED52E129}.AppStore|Any CPU.Deploy.0 = Release|Any CPU
		{3CA12E2E-962B-48BE-8E4E-20D6ED52E129}.AppStore|ARM.ActiveCfg = Release|Any CPU
		{3CA12E2E-962B-48BE-8E4E-20D6ED52E129}.AppStore|ARM.Build.0 = Release|Any CPU
		{3CA12E2E-962B-48BE-8E4E-20D6ED52E129}.AppStore|ARM.Deploy.0 = Release|Any CPU
		{3CA12E2E-962B-48BE-8E4E-20D6ED52E129}.AppStore|iPhone.ActiveCfg = Release|Any CPU
		{3CA12E2E-962B-48BE-8E4E-20D6ED52E129}.AppStore|iPhone.Build.0 = Release|Any CPU
		{3CA12E2E-962B-48BE-8E4E-20D6ED52E129}.AppStore|iPhone.Deploy.0 = Release|Any CPU
		{3CA12E2E-962B-48BE-8E4E-20D6ED52E129}.AppStore|iPhoneSimulator.ActiveCfg = Release|Any CPU
		{3CA12E2E-962B-48BE-8E4E-20D6ED52E129}.AppStore|iPhoneSimulator.Build.0 = Release|Any CPU
		{3CA12E2E-962B-48BE-8E4E-20D6ED52E129}.AppStore|iPhoneSimulator.Deploy.0 = Release|Any CPU
		{3CA12E2E-962B-48BE-8E4E-20D6ED52E129}.AppStore|x64.ActiveCfg = Release|Any CPU
		{3CA12E2E-962B-48BE-8E4E-20D6ED52E129}.AppStore|x64.Build.0 = Release|Any CPU
		{3CA12E2E-962B-48BE-8E4E-20D6ED52E129}.AppStore|x64.Deploy.0 = Release|Any CPU
		{3CA12E2E-962B-48BE-8E4E-20D6ED52E129}.AppStore|x86.ActiveCfg = Release|Any CPU
		{3CA12E2E-962B-48BE-8E4E-20D6ED52E129}.AppStore|x86.Build.0 = Release|Any CPU
		{3CA12E2E-962B-48BE-8E4E-20D6ED52E129}.AppStore|x86.Deploy.0 = Release|Any CPU
		{3CA12E2E-962B-48BE-8E4E-20D6ED52E129}.Debug|Any CPU.ActiveCfg = Debug|Any CPU
		{3CA12E2E-962B-48BE-8E4E-20D6ED52E129}.Debug|Any CPU.Build.0 = Debug|Any CPU
		{3CA12E2E-962B-48BE-8E4E-20D6ED52E129}.Debug|Any CPU.Deploy.0 = Debug|Any CPU
		{3CA12E2E-962B-48BE-8E4E-20D6ED52E129}.Debug|ARM.ActiveCfg = Debug|Any CPU
		{3CA12E2E-962B-48BE-8E4E-20D6ED52E129}.Debug|ARM.Build.0 = Debug|Any CPU
		{3CA12E2E-962B-48BE-8E4E-20D6ED52E129}.Debug|ARM.Deploy.0 = Debug|Any CPU
		{3CA12E2E-962B-48BE-8E4E-20D6ED52E129}.Debug|iPhone.ActiveCfg = Debug|Any CPU
		{3CA12E2E-962B-48BE-8E4E-20D6ED52E129}.Debug|iPhone.Build.0 = Debug|Any CPU
		{3CA12E2E-962B-48BE-8E4E-20D6ED52E129}.Debug|iPhone.Deploy.0 = Debug|Any CPU
		{3CA12E2E-962B-48BE-8E4E-20D6ED52E129}.Debug|iPhoneSimulator.ActiveCfg = Debug|Any CPU
		{3CA12E2E-962B-48BE-8E4E-20D6ED52E129}.Debug|iPhoneSimulator.Build.0 = Debug|Any CPU
		{3CA12E2E-962B-48BE-8E4E-20D6ED52E129}.Debug|iPhoneSimulator.Deploy.0 = Debug|Any CPU
		{3CA12E2E-962B-48BE-8E4E-20D6ED52E129}.Debug|x64.ActiveCfg = Debug|Any CPU
		{3CA12E2E-962B-48BE-8E4E-20D6ED52E129}.Debug|x64.Build.0 = Debug|Any CPU
		{3CA12E2E-962B-48BE-8E4E-20D6ED52E129}.Debug|x64.Deploy.0 = Debug|Any CPU
		{3CA12E2E-962B-48BE-8E4E-20D6ED52E129}.Debug|x86.ActiveCfg = Debug|Any CPU
		{3CA12E2E-962B-48BE-8E4E-20D6ED52E129}.Debug|x86.Build.0 = Debug|Any CPU
		{3CA12E2E-962B-48BE-8E4E-20D6ED52E129}.Debug|x86.Deploy.0 = Debug|Any CPU
		{3CA12E2E-962B-48BE-8E4E-20D6ED52E129}.Release|Any CPU.ActiveCfg = Release|Any CPU
		{3CA12E2E-962B-48BE-8E4E-20D6ED52E129}.Release|Any CPU.Build.0 = Release|Any CPU
		{3CA12E2E-962B-48BE-8E4E-20D6ED52E129}.Release|Any CPU.Deploy.0 = Release|Any CPU
		{3CA12E2E-962B-48BE-8E4E-20D6ED52E129}.Release|ARM.ActiveCfg = Release|Any CPU
		{3CA12E2E-962B-48BE-8E4E-20D6ED52E129}.Release|ARM.Build.0 = Release|Any CPU
		{3CA12E2E-962B-48BE-8E4E-20D6ED52E129}.Release|ARM.Deploy.0 = Release|Any CPU
		{3CA12E2E-962B-48BE-8E4E-20D6ED52E129}.Release|iPhone.ActiveCfg = Release|Any CPU
		{3CA12E2E-962B-48BE-8E4E-20D6ED52E129}.Release|iPhone.Build.0 = Release|Any CPU
		{3CA12E2E-962B-48BE-8E4E-20D6ED52E129}.Release|iPhone.Deploy.0 = Release|Any CPU
		{3CA12E2E-962B-48BE-8E4E-20D6ED52E129}.Release|iPhoneSimulator.ActiveCfg = Release|Any CPU
		{3CA12E2E-962B-48BE-8E4E-20D6ED52E129}.Release|iPhoneSimulator.Build.0 = Release|Any CPU
		{3CA12E2E-962B-48BE-8E4E-20D6ED52E129}.Release|iPhoneSimulator.Deploy.0 = Release|Any CPU
		{3CA12E2E-962B-48BE-8E4E-20D6ED52E129}.Release|x64.ActiveCfg = Release|Any CPU
		{3CA12E2E-962B-48BE-8E4E-20D6ED52E129}.Release|x64.Build.0 = Release|Any CPU
		{3CA12E2E-962B-48BE-8E4E-20D6ED52E129}.Release|x64.Deploy.0 = Release|Any CPU
		{3CA12E2E-962B-48BE-8E4E-20D6ED52E129}.Release|x86.ActiveCfg = Release|Any CPU
		{3CA12E2E-962B-48BE-8E4E-20D6ED52E129}.Release|x86.Build.0 = Release|Any CPU
		{3CA12E2E-962B-48BE-8E4E-20D6ED52E129}.Release|x86.Deploy.0 = Release|Any CPU
		{6C62AA76-EC7F-4ACB-909B-8EADA2361A29}.Ad-Hoc|Any CPU.ActiveCfg = Ad-Hoc|iPhone
		{6C62AA76-EC7F-4ACB-909B-8EADA2361A29}.Ad-Hoc|ARM.ActiveCfg = Ad-Hoc|iPhone
		{6C62AA76-EC7F-4ACB-909B-8EADA2361A29}.Ad-Hoc|iPhone.ActiveCfg = Ad-Hoc|iPhone
		{6C62AA76-EC7F-4ACB-909B-8EADA2361A29}.Ad-Hoc|iPhone.Build.0 = Ad-Hoc|iPhone
		{6C62AA76-EC7F-4ACB-909B-8EADA2361A29}.Ad-Hoc|iPhoneSimulator.ActiveCfg = Ad-Hoc|iPhoneSimulator
		{6C62AA76-EC7F-4ACB-909B-8EADA2361A29}.Ad-Hoc|iPhoneSimulator.Build.0 = Ad-Hoc|iPhoneSimulator
		{6C62AA76-EC7F-4ACB-909B-8EADA2361A29}.Ad-Hoc|x64.ActiveCfg = Ad-Hoc|iPhone
		{6C62AA76-EC7F-4ACB-909B-8EADA2361A29}.Ad-Hoc|x86.ActiveCfg = Ad-Hoc|iPhone
		{6C62AA76-EC7F-4ACB-909B-8EADA2361A29}.AppStore|Any CPU.ActiveCfg = AppStore|iPhone
		{6C62AA76-EC7F-4ACB-909B-8EADA2361A29}.AppStore|ARM.ActiveCfg = AppStore|iPhone
		{6C62AA76-EC7F-4ACB-909B-8EADA2361A29}.AppStore|iPhone.ActiveCfg = AppStore|iPhone
		{6C62AA76-EC7F-4ACB-909B-8EADA2361A29}.AppStore|iPhone.Build.0 = AppStore|iPhone
		{6C62AA76-EC7F-4ACB-909B-8EADA2361A29}.AppStore|iPhoneSimulator.ActiveCfg = AppStore|iPhoneSimulator
		{6C62AA76-EC7F-4ACB-909B-8EADA2361A29}.AppStore|iPhoneSimulator.Build.0 = AppStore|iPhoneSimulator
		{6C62AA76-EC7F-4ACB-909B-8EADA2361A29}.AppStore|x64.ActiveCfg = AppStore|iPhone
		{6C62AA76-EC7F-4ACB-909B-8EADA2361A29}.AppStore|x86.ActiveCfg = AppStore|iPhone
		{6C62AA76-EC7F-4ACB-909B-8EADA2361A29}.Debug|Any CPU.ActiveCfg = Debug|iPhone
		{6C62AA76-EC7F-4ACB-909B-8EADA2361A29}.Debug|ARM.ActiveCfg = Debug|iPhone
		{6C62AA76-EC7F-4ACB-909B-8EADA2361A29}.Debug|iPhone.ActiveCfg = Debug|iPhone
		{6C62AA76-EC7F-4ACB-909B-8EADA2361A29}.Debug|iPhone.Build.0 = Debug|iPhone
		{6C62AA76-EC7F-4ACB-909B-8EADA2361A29}.Debug|iPhoneSimulator.ActiveCfg = Debug|iPhoneSimulator
		{6C62AA76-EC7F-4ACB-909B-8EADA2361A29}.Debug|iPhoneSimulator.Build.0 = Debug|iPhoneSimulator
		{6C62AA76-EC7F-4ACB-909B-8EADA2361A29}.Debug|x64.ActiveCfg = Debug|iPhone
		{6C62AA76-EC7F-4ACB-909B-8EADA2361A29}.Debug|x86.ActiveCfg = Debug|iPhone
		{6C62AA76-EC7F-4ACB-909B-8EADA2361A29}.Release|Any CPU.ActiveCfg = Release|iPhone
		{6C62AA76-EC7F-4ACB-909B-8EADA2361A29}.Release|ARM.ActiveCfg = Release|iPhone
		{6C62AA76-EC7F-4ACB-909B-8EADA2361A29}.Release|iPhone.ActiveCfg = Release|iPhone
		{6C62AA76-EC7F-4ACB-909B-8EADA2361A29}.Release|iPhone.Build.0 = Release|iPhone
		{6C62AA76-EC7F-4ACB-909B-8EADA2361A29}.Release|iPhoneSimulator.ActiveCfg = Release|iPhoneSimulator
		{6C62AA76-EC7F-4ACB-909B-8EADA2361A29}.Release|iPhoneSimulator.Build.0 = Release|iPhoneSimulator
		{6C62AA76-EC7F-4ACB-909B-8EADA2361A29}.Release|x64.ActiveCfg = Release|iPhone
		{6C62AA76-EC7F-4ACB-909B-8EADA2361A29}.Release|x86.ActiveCfg = Release|iPhone
		{FADF569F-9CF8-4A71-A82D-7562C670E9AE}.Ad-Hoc|Any CPU.ActiveCfg = Release|Any CPU
		{FADF569F-9CF8-4A71-A82D-7562C670E9AE}.Ad-Hoc|Any CPU.Build.0 = Release|Any CPU
		{FADF569F-9CF8-4A71-A82D-7562C670E9AE}.Ad-Hoc|Any CPU.Deploy.0 = Release|Any CPU
		{FADF569F-9CF8-4A71-A82D-7562C670E9AE}.Ad-Hoc|ARM.ActiveCfg = Release|ARM
		{FADF569F-9CF8-4A71-A82D-7562C670E9AE}.Ad-Hoc|ARM.Build.0 = Release|ARM
		{FADF569F-9CF8-4A71-A82D-7562C670E9AE}.Ad-Hoc|ARM.Deploy.0 = Release|ARM
		{FADF569F-9CF8-4A71-A82D-7562C670E9AE}.Ad-Hoc|iPhone.ActiveCfg = Release|Any CPU
		{FADF569F-9CF8-4A71-A82D-7562C670E9AE}.Ad-Hoc|iPhone.Build.0 = Release|Any CPU
		{FADF569F-9CF8-4A71-A82D-7562C670E9AE}.Ad-Hoc|iPhone.Deploy.0 = Release|Any CPU
		{FADF569F-9CF8-4A71-A82D-7562C670E9AE}.Ad-Hoc|iPhoneSimulator.ActiveCfg = Release|Any CPU
		{FADF569F-9CF8-4A71-A82D-7562C670E9AE}.Ad-Hoc|iPhoneSimulator.Build.0 = Release|Any CPU
		{FADF569F-9CF8-4A71-A82D-7562C670E9AE}.Ad-Hoc|iPhoneSimulator.Deploy.0 = Release|Any CPU
		{FADF569F-9CF8-4A71-A82D-7562C670E9AE}.Ad-Hoc|x64.ActiveCfg = Release|Any CPU
		{FADF569F-9CF8-4A71-A82D-7562C670E9AE}.Ad-Hoc|x64.Build.0 = Release|Any CPU
		{FADF569F-9CF8-4A71-A82D-7562C670E9AE}.Ad-Hoc|x64.Deploy.0 = Release|Any CPU
		{FADF569F-9CF8-4A71-A82D-7562C670E9AE}.Ad-Hoc|x86.ActiveCfg = Release|x86
		{FADF569F-9CF8-4A71-A82D-7562C670E9AE}.Ad-Hoc|x86.Build.0 = Release|x86
		{FADF569F-9CF8-4A71-A82D-7562C670E9AE}.Ad-Hoc|x86.Deploy.0 = Release|x86
		{FADF569F-9CF8-4A71-A82D-7562C670E9AE}.AppStore|Any CPU.ActiveCfg = Release|Any CPU
		{FADF569F-9CF8-4A71-A82D-7562C670E9AE}.AppStore|Any CPU.Build.0 = Release|Any CPU
		{FADF569F-9CF8-4A71-A82D-7562C670E9AE}.AppStore|Any CPU.Deploy.0 = Release|Any CPU
		{FADF569F-9CF8-4A71-A82D-7562C670E9AE}.AppStore|ARM.ActiveCfg = Release|ARM
		{FADF569F-9CF8-4A71-A82D-7562C670E9AE}.AppStore|ARM.Build.0 = Release|ARM
		{FADF569F-9CF8-4A71-A82D-7562C670E9AE}.AppStore|ARM.Deploy.0 = Release|ARM
		{FADF569F-9CF8-4A71-A82D-7562C670E9AE}.AppStore|iPhone.ActiveCfg = Release|Any CPU
		{FADF569F-9CF8-4A71-A82D-7562C670E9AE}.AppStore|iPhone.Build.0 = Release|Any CPU
		{FADF569F-9CF8-4A71-A82D-7562C670E9AE}.AppStore|iPhone.Deploy.0 = Release|Any CPU
		{FADF569F-9CF8-4A71-A82D-7562C670E9AE}.AppStore|iPhoneSimulator.ActiveCfg = Release|Any CPU
		{FADF569F-9CF8-4A71-A82D-7562C670E9AE}.AppStore|iPhoneSimulator.Build.0 = Release|Any CPU
		{FADF569F-9CF8-4A71-A82D-7562C670E9AE}.AppStore|iPhoneSimulator.Deploy.0 = Release|Any CPU
		{FADF569F-9CF8-4A71-A82D-7562C670E9AE}.AppStore|x64.ActiveCfg = Release|Any CPU
		{FADF569F-9CF8-4A71-A82D-7562C670E9AE}.AppStore|x64.Build.0 = Release|Any CPU
		{FADF569F-9CF8-4A71-A82D-7562C670E9AE}.AppStore|x64.Deploy.0 = Release|Any CPU
		{FADF569F-9CF8-4A71-A82D-7562C670E9AE}.AppStore|x86.ActiveCfg = Release|x86
		{FADF569F-9CF8-4A71-A82D-7562C670E9AE}.AppStore|x86.Build.0 = Release|x86
		{FADF569F-9CF8-4A71-A82D-7562C670E9AE}.AppStore|x86.Deploy.0 = Release|x86
		{FADF569F-9CF8-4A71-A82D-7562C670E9AE}.Debug|Any CPU.ActiveCfg = Debug|Any CPU
		{FADF569F-9CF8-4A71-A82D-7562C670E9AE}.Debug|Any CPU.Build.0 = Debug|Any CPU
		{FADF569F-9CF8-4A71-A82D-7562C670E9AE}.Debug|Any CPU.Deploy.0 = Debug|Any CPU
		{FADF569F-9CF8-4A71-A82D-7562C670E9AE}.Debug|ARM.ActiveCfg = Debug|ARM
		{FADF569F-9CF8-4A71-A82D-7562C670E9AE}.Debug|ARM.Build.0 = Debug|ARM
		{FADF569F-9CF8-4A71-A82D-7562C670E9AE}.Debug|ARM.Deploy.0 = Debug|ARM
		{FADF569F-9CF8-4A71-A82D-7562C670E9AE}.Debug|iPhone.ActiveCfg = Debug|Any CPU
		{FADF569F-9CF8-4A71-A82D-7562C670E9AE}.Debug|iPhone.Build.0 = Debug|Any CPU
		{FADF569F-9CF8-4A71-A82D-7562C670E9AE}.Debug|iPhone.Deploy.0 = Debug|Any CPU
		{FADF569F-9CF8-4A71-A82D-7562C670E9AE}.Debug|iPhoneSimulator.ActiveCfg = Debug|Any CPU
		{FADF569F-9CF8-4A71-A82D-7562C670E9AE}.Debug|iPhoneSimulator.Build.0 = Debug|Any CPU
		{FADF569F-9CF8-4A71-A82D-7562C670E9AE}.Debug|iPhoneSimulator.Deploy.0 = Debug|Any CPU
		{FADF569F-9CF8-4A71-A82D-7562C670E9AE}.Debug|x64.ActiveCfg = Debug|Any CPU
		{FADF569F-9CF8-4A71-A82D-7562C670E9AE}.Debug|x64.Build.0 = Debug|Any CPU
		{FADF569F-9CF8-4A71-A82D-7562C670E9AE}.Debug|x64.Deploy.0 = Debug|Any CPU
		{FADF569F-9CF8-4A71-A82D-7562C670E9AE}.Debug|x86.ActiveCfg = Debug|x86
		{FADF569F-9CF8-4A71-A82D-7562C670E9AE}.Debug|x86.Build.0 = Debug|x86
		{FADF569F-9CF8-4A71-A82D-7562C670E9AE}.Debug|x86.Deploy.0 = Debug|x86
		{FADF569F-9CF8-4A71-A82D-7562C670E9AE}.Release|Any CPU.ActiveCfg = Release|Any CPU
		{FADF569F-9CF8-4A71-A82D-7562C670E9AE}.Release|Any CPU.Build.0 = Release|Any CPU
		{FADF569F-9CF8-4A71-A82D-7562C670E9AE}.Release|Any CPU.Deploy.0 = Release|Any CPU
		{FADF569F-9CF8-4A71-A82D-7562C670E9AE}.Release|ARM.ActiveCfg = Release|ARM
		{FADF569F-9CF8-4A71-A82D-7562C670E9AE}.Release|ARM.Build.0 = Release|ARM
		{FADF569F-9CF8-4A71-A82D-7562C670E9AE}.Release|ARM.Deploy.0 = Release|ARM
		{FADF569F-9CF8-4A71-A82D-7562C670E9AE}.Release|iPhone.ActiveCfg = Release|Any CPU
		{FADF569F-9CF8-4A71-A82D-7562C670E9AE}.Release|iPhone.Build.0 = Release|Any CPU
		{FADF569F-9CF8-4A71-A82D-7562C670E9AE}.Release|iPhone.Deploy.0 = Release|Any CPU
		{FADF569F-9CF8-4A71-A82D-7562C670E9AE}.Release|iPhoneSimulator.ActiveCfg = Release|Any CPU
		{FADF569F-9CF8-4A71-A82D-7562C670E9AE}.Release|iPhoneSimulator.Build.0 = Release|Any CPU
		{FADF569F-9CF8-4A71-A82D-7562C670E9AE}.Release|iPhoneSimulator.Deploy.0 = Release|Any CPU
		{FADF569F-9CF8-4A71-A82D-7562C670E9AE}.Release|x64.ActiveCfg = Release|Any CPU
		{FADF569F-9CF8-4A71-A82D-7562C670E9AE}.Release|x64.Build.0 = Release|Any CPU
		{FADF569F-9CF8-4A71-A82D-7562C670E9AE}.Release|x64.Deploy.0 = Release|Any CPU
		{FADF569F-9CF8-4A71-A82D-7562C670E9AE}.Release|x86.ActiveCfg = Release|x86
		{FADF569F-9CF8-4A71-A82D-7562C670E9AE}.Release|x86.Build.0 = Release|x86
		{FADF569F-9CF8-4A71-A82D-7562C670E9AE}.Release|x86.Deploy.0 = Release|x86
		{E399F733-FA30-4EF5-A687-77716530691B}.Ad-Hoc|Any CPU.ActiveCfg = Release|Any CPU
		{E399F733-FA30-4EF5-A687-77716530691B}.Ad-Hoc|Any CPU.Build.0 = Release|Any CPU
		{E399F733-FA30-4EF5-A687-77716530691B}.Ad-Hoc|Any CPU.Deploy.0 = Release|Any CPU
		{E399F733-FA30-4EF5-A687-77716530691B}.Ad-Hoc|ARM.ActiveCfg = Release|ARM
		{E399F733-FA30-4EF5-A687-77716530691B}.Ad-Hoc|ARM.Build.0 = Release|ARM
		{E399F733-FA30-4EF5-A687-77716530691B}.Ad-Hoc|ARM.Deploy.0 = Release|ARM
		{E399F733-FA30-4EF5-A687-77716530691B}.Ad-Hoc|iPhone.ActiveCfg = Release|Any CPU
		{E399F733-FA30-4EF5-A687-77716530691B}.Ad-Hoc|iPhone.Build.0 = Release|Any CPU
		{E399F733-FA30-4EF5-A687-77716530691B}.Ad-Hoc|iPhone.Deploy.0 = Release|Any CPU
		{E399F733-FA30-4EF5-A687-77716530691B}.Ad-Hoc|iPhoneSimulator.ActiveCfg = Release|Any CPU
		{E399F733-FA30-4EF5-A687-77716530691B}.Ad-Hoc|iPhoneSimulator.Build.0 = Release|Any CPU
		{E399F733-FA30-4EF5-A687-77716530691B}.Ad-Hoc|iPhoneSimulator.Deploy.0 = Release|Any CPU
		{E399F733-FA30-4EF5-A687-77716530691B}.Ad-Hoc|x64.ActiveCfg = Release|x64
		{E399F733-FA30-4EF5-A687-77716530691B}.Ad-Hoc|x64.Build.0 = Release|x64
		{E399F733-FA30-4EF5-A687-77716530691B}.Ad-Hoc|x64.Deploy.0 = Release|x64
		{E399F733-FA30-4EF5-A687-77716530691B}.Ad-Hoc|x86.ActiveCfg = Release|x86
		{E399F733-FA30-4EF5-A687-77716530691B}.Ad-Hoc|x86.Build.0 = Release|x86
		{E399F733-FA30-4EF5-A687-77716530691B}.Ad-Hoc|x86.Deploy.0 = Release|x86
		{E399F733-FA30-4EF5-A687-77716530691B}.AppStore|Any CPU.ActiveCfg = Release|Any CPU
		{E399F733-FA30-4EF5-A687-77716530691B}.AppStore|Any CPU.Build.0 = Release|Any CPU
		{E399F733-FA30-4EF5-A687-77716530691B}.AppStore|Any CPU.Deploy.0 = Release|Any CPU
		{E399F733-FA30-4EF5-A687-77716530691B}.AppStore|ARM.ActiveCfg = Release|ARM
		{E399F733-FA30-4EF5-A687-77716530691B}.AppStore|ARM.Build.0 = Release|ARM
		{E399F733-FA30-4EF5-A687-77716530691B}.AppStore|ARM.Deploy.0 = Release|ARM
		{E399F733-FA30-4EF5-A687-77716530691B}.AppStore|iPhone.ActiveCfg = Release|Any CPU
		{E399F733-FA30-4EF5-A687-77716530691B}.AppStore|iPhone.Build.0 = Release|Any CPU
		{E399F733-FA30-4EF5-A687-77716530691B}.AppStore|iPhone.Deploy.0 = Release|Any CPU
		{E399F733-FA30-4EF5-A687-77716530691B}.AppStore|iPhoneSimulator.ActiveCfg = Release|Any CPU
		{E399F733-FA30-4EF5-A687-77716530691B}.AppStore|iPhoneSimulator.Build.0 = Release|Any CPU
		{E399F733-FA30-4EF5-A687-77716530691B}.AppStore|iPhoneSimulator.Deploy.0 = Release|Any CPU
		{E399F733-FA30-4EF5-A687-77716530691B}.AppStore|x64.ActiveCfg = Release|x64
		{E399F733-FA30-4EF5-A687-77716530691B}.AppStore|x64.Build.0 = Release|x64
		{E399F733-FA30-4EF5-A687-77716530691B}.AppStore|x64.Deploy.0 = Release|x64
		{E399F733-FA30-4EF5-A687-77716530691B}.AppStore|x86.ActiveCfg = Release|x86
		{E399F733-FA30-4EF5-A687-77716530691B}.AppStore|x86.Build.0 = Release|x86
		{E399F733-FA30-4EF5-A687-77716530691B}.AppStore|x86.Deploy.0 = Release|x86
		{E399F733-FA30-4EF5-A687-77716530691B}.Debug|Any CPU.ActiveCfg = Debug|Any CPU
		{E399F733-FA30-4EF5-A687-77716530691B}.Debug|Any CPU.Build.0 = Debug|Any CPU
		{E399F733-FA30-4EF5-A687-77716530691B}.Debug|Any CPU.Deploy.0 = Debug|Any CPU
		{E399F733-FA30-4EF5-A687-77716530691B}.Debug|ARM.ActiveCfg = Debug|ARM
		{E399F733-FA30-4EF5-A687-77716530691B}.Debug|ARM.Build.0 = Debug|ARM
		{E399F733-FA30-4EF5-A687-77716530691B}.Debug|ARM.Deploy.0 = Debug|ARM
		{E399F733-FA30-4EF5-A687-77716530691B}.Debug|iPhone.ActiveCfg = Debug|Any CPU
		{E399F733-FA30-4EF5-A687-77716530691B}.Debug|iPhone.Build.0 = Debug|Any CPU
		{E399F733-FA30-4EF5-A687-77716530691B}.Debug|iPhone.Deploy.0 = Debug|Any CPU
		{E399F733-FA30-4EF5-A687-77716530691B}.Debug|iPhoneSimulator.ActiveCfg = Debug|Any CPU
		{E399F733-FA30-4EF5-A687-77716530691B}.Debug|iPhoneSimulator.Build.0 = Debug|Any CPU
		{E399F733-FA30-4EF5-A687-77716530691B}.Debug|iPhoneSimulator.Deploy.0 = Debug|Any CPU
		{E399F733-FA30-4EF5-A687-77716530691B}.Debug|x64.ActiveCfg = Debug|x64
		{E399F733-FA30-4EF5-A687-77716530691B}.Debug|x64.Build.0 = Debug|x64
		{E399F733-FA30-4EF5-A687-77716530691B}.Debug|x64.Deploy.0 = Debug|x64
		{E399F733-FA30-4EF5-A687-77716530691B}.Debug|x86.ActiveCfg = Debug|x86
		{E399F733-FA30-4EF5-A687-77716530691B}.Debug|x86.Build.0 = Debug|x86
		{E399F733-FA30-4EF5-A687-77716530691B}.Debug|x86.Deploy.0 = Debug|x86
		{E399F733-FA30-4EF5-A687-77716530691B}.Release|Any CPU.ActiveCfg = Release|Any CPU
		{E399F733-FA30-4EF5-A687-77716530691B}.Release|Any CPU.Build.0 = Release|Any CPU
		{E399F733-FA30-4EF5-A687-77716530691B}.Release|Any CPU.Deploy.0 = Release|Any CPU
		{E399F733-FA30-4EF5-A687-77716530691B}.Release|ARM.ActiveCfg = Release|ARM
		{E399F733-FA30-4EF5-A687-77716530691B}.Release|ARM.Build.0 = Release|ARM
		{E399F733-FA30-4EF5-A687-77716530691B}.Release|ARM.Deploy.0 = Release|ARM
		{E399F733-FA30-4EF5-A687-77716530691B}.Release|iPhone.ActiveCfg = Release|Any CPU
		{E399F733-FA30-4EF5-A687-77716530691B}.Release|iPhone.Build.0 = Release|Any CPU
		{E399F733-FA30-4EF5-A687-77716530691B}.Release|iPhone.Deploy.0 = Release|Any CPU
		{E399F733-FA30-4EF5-A687-77716530691B}.Release|iPhoneSimulator.ActiveCfg = Release|Any CPU
		{E399F733-FA30-4EF5-A687-77716530691B}.Release|iPhoneSimulator.Build.0 = Release|Any CPU
		{E399F733-FA30-4EF5-A687-77716530691B}.Release|iPhoneSimulator.Deploy.0 = Release|Any CPU
		{E399F733-FA30-4EF5-A687-77716530691B}.Release|x64.ActiveCfg = Release|x64
		{E399F733-FA30-4EF5-A687-77716530691B}.Release|x64.Build.0 = Release|x64
		{E399F733-FA30-4EF5-A687-77716530691B}.Release|x64.Deploy.0 = Release|x64
		{E399F733-FA30-4EF5-A687-77716530691B}.Release|x86.ActiveCfg = Release|x86
		{E399F733-FA30-4EF5-A687-77716530691B}.Release|x86.Build.0 = Release|x86
		{E399F733-FA30-4EF5-A687-77716530691B}.Release|x86.Deploy.0 = Release|x86
	EndGlobalSection
	GlobalSection(SolutionProperties) = preSolution
		HideSolutionNode = FALSE
	EndGlobalSection
EndGlobal
